// !$*UTF8*$!
{
	archiveVersion = 1;
	classes = {
	};
	objectVersion = 48;
	objects = {

/* Begin PBXBuildFile section */
		A585DF722044C9ED002C9AB4 /* AppDelegate.swift in Sources */ = {isa = PBXBuildFile; fileRef = A585DF712044C9ED002C9AB4 /* AppDelegate.swift */; };
		A585DF772044C9ED002C9AB4 /* Main.storyboard in Resources */ = {isa = PBXBuildFile; fileRef = A585DF752044C9ED002C9AB4 /* Main.storyboard */; };
		A585DF792044C9ED002C9AB4 /* Assets.xcassets in Resources */ = {isa = PBXBuildFile; fileRef = A585DF782044C9ED002C9AB4 /* Assets.xcassets */; };
		A585DF7C2044C9ED002C9AB4 /* LaunchScreen.storyboard in Resources */ = {isa = PBXBuildFile; fileRef = A585DF7A2044C9ED002C9AB4 /* LaunchScreen.storyboard */; };
		A585DF872044C9ED002C9AB4 /* CanvasTests.swift in Sources */ = {isa = PBXBuildFile; fileRef = A585DF862044C9ED002C9AB4 /* CanvasTests.swift */; };
		A585DF922044C9ED002C9AB4 /* CanvasUITests.swift in Sources */ = {isa = PBXBuildFile; fileRef = A585DF912044C9ED002C9AB4 /* CanvasUITests.swift */; };
		A585DFA02044CBD6002C9AB4 /* CanvasViewController.swift in Sources */ = {isa = PBXBuildFile; fileRef = A585DF9F2044CBD6002C9AB4 /* CanvasViewController.swift */; };
/* End PBXBuildFile section */

/* Begin PBXContainerItemProxy section */
		A585DF832044C9ED002C9AB4 /* PBXContainerItemProxy */ = {
			isa = PBXContainerItemProxy;
			containerPortal = A585DF662044C9ED002C9AB4 /* Project object */;
			proxyType = 1;
			remoteGlobalIDString = A585DF6D2044C9ED002C9AB4;
			remoteInfo = Canvas;
		};
		A585DF8E2044C9ED002C9AB4 /* PBXContainerItemProxy */ = {
			isa = PBXContainerItemProxy;
			containerPortal = A585DF662044C9ED002C9AB4 /* Project object */;
			proxyType = 1;
			remoteGlobalIDString = A585DF6D2044C9ED002C9AB4;
			remoteInfo = Canvas;
		};
/* End PBXContainerItemProxy section */

/* Begin PBXFileReference section */
		A585DF6E2044C9ED002C9AB4 /* Canvas.app */ = {isa = PBXFileReference; explicitFileType = wrapper.application; includeInIndex = 0; path = Canvas.app; sourceTree = BUILT_PRODUCTS_DIR; };
		A585DF712044C9ED002C9AB4 /* AppDelegate.swift */ = {isa = PBXFileReference; lastKnownFileType = sourcecode.swift; path = AppDelegate.swift; sourceTree = "<group>"; };
		A585DF762044C9ED002C9AB4 /* Base */ = {isa = PBXFileReference; lastKnownFileType = file.storyboard; name = Base; path = Base.lproj/Main.storyboard; sourceTree = "<group>"; };
		A585DF782044C9ED002C9AB4 /* Assets.xcassets */ = {isa = PBXFileReference; lastKnownFileType = folder.assetcatalog; path = Assets.xcassets; sourceTree = "<group>"; };
		A585DF7B2044C9ED002C9AB4 /* Base */ = {isa = PBXFileReference; lastKnownFileType = file.storyboard; name = Base; path = Base.lproj/LaunchScreen.storyboard; sourceTree = "<group>"; };
		A585DF7D2044C9ED002C9AB4 /* Info.plist */ = {isa = PBXFileReference; lastKnownFileType = text.plist.xml; path = Info.plist; sourceTree = "<group>"; };
		A585DF822044C9ED002C9AB4 /* CanvasTests.xctest */ = {isa = PBXFileReference; explicitFileType = wrapper.cfbundle; includeInIndex = 0; path = CanvasTests.xctest; sourceTree = BUILT_PRODUCTS_DIR; };
		A585DF862044C9ED002C9AB4 /* CanvasTests.swift */ = {isa = PBXFileReference; lastKnownFileType = sourcecode.swift; path = CanvasTests.swift; sourceTree = "<group>"; };
		A585DF882044C9ED002C9AB4 /* Info.plist */ = {isa = PBXFileReference; lastKnownFileType = text.plist.xml; path = Info.plist; sourceTree = "<group>"; };
		A585DF8D2044C9ED002C9AB4 /* CanvasUITests.xctest */ = {isa = PBXFileReference; explicitFileType = wrapper.cfbundle; includeInIndex = 0; path = CanvasUITests.xctest; sourceTree = BUILT_PRODUCTS_DIR; };
		A585DF912044C9ED002C9AB4 /* CanvasUITests.swift */ = {isa = PBXFileReference; lastKnownFileType = sourcecode.swift; path = CanvasUITests.swift; sourceTree = "<group>"; };
		A585DF932044C9ED002C9AB4 /* Info.plist */ = {isa = PBXFileReference; lastKnownFileType = text.plist.xml; path = Info.plist; sourceTree = "<group>"; };
		A585DF9F2044CBD6002C9AB4 /* CanvasViewController.swift */ = {isa = PBXFileReference; lastKnownFileType = sourcecode.swift; path = CanvasViewController.swift; sourceTree = "<group>"; };
/* End PBXFileReference section */

/* Begin PBXFrameworksBuildPhase section */
		A585DF6B2044C9ED002C9AB4 /* Frameworks */ = {
			isa = PBXFrameworksBuildPhase;
			buildActionMask = 2147483647;
			files = (
			);
			runOnlyForDeploymentPostprocessing = 0;
		};
		A585DF7F2044C9ED002C9AB4 /* Frameworks */ = {
			isa = PBXFrameworksBuildPhase;
			buildActionMask = 2147483647;
			files = (
			);
			runOnlyForDeploymentPostprocessing = 0;
		};
		A585DF8A2044C9ED002C9AB4 /* Frameworks */ = {
			isa = PBXFrameworksBuildPhase;
			buildActionMask = 2147483647;
			files = (
			);
			runOnlyForDeploymentPostprocessing = 0;
		};
/* End PBXFrameworksBuildPhase section */

/* Begin PBXGroup section */
		A585DF652044C9ED002C9AB4 = {
			isa = PBXGroup;
			children = (
				A585DF702044C9ED002C9AB4 /* Canvas */,
				A585DF852044C9ED002C9AB4 /* CanvasTests */,
				A585DF902044C9ED002C9AB4 /* CanvasUITests */,
				A585DF6F2044C9ED002C9AB4 /* Products */,
			);
			sourceTree = "<group>";
		};
		A585DF6F2044C9ED002C9AB4 /* Products */ = {
			isa = PBXGroup;
			children = (
				A585DF6E2044C9ED002C9AB4 /* Canvas.app */,
				A585DF822044C9ED002C9AB4 /* CanvasTests.xctest */,
				A585DF8D2044C9ED002C9AB4 /* CanvasUITests.xctest */,
			);
			name = Products;
			sourceTree = "<group>";
		};
		A585DF702044C9ED002C9AB4 /* Canvas */ = {
			isa = PBXGroup;
			children = (
				A585DF712044C9ED002C9AB4 /* AppDelegate.swift */,
				A585DF752044C9ED002C9AB4 /* Main.storyboard */,
				A585DF782044C9ED002C9AB4 /* Assets.xcassets */,
				A585DF7A2044C9ED002C9AB4 /* LaunchScreen.storyboard */,
				A585DF7D2044C9ED002C9AB4 /* Info.plist */,
				A585DF9F2044CBD6002C9AB4 /* CanvasViewController.swift */,
			);
			path = Canvas;
			sourceTree = "<group>";
		};
		A585DF852044C9ED002C9AB4 /* CanvasTests */ = {
			isa = PBXGroup;
			children = (
				A585DF862044C9ED002C9AB4 /* CanvasTests.swift */,
				A585DF882044C9ED002C9AB4 /* Info.plist */,
			);
			path = CanvasTests;
			sourceTree = "<group>";
		};
		A585DF902044C9ED002C9AB4 /* CanvasUITests */ = {
			isa = PBXGroup;
			children = (
				A585DF912044C9ED002C9AB4 /* CanvasUITests.swift */,
				A585DF932044C9ED002C9AB4 /* Info.plist */,
			);
			path = CanvasUITests;
			sourceTree = "<group>";
		};
/* End PBXGroup section */

/* Begin PBXNativeTarget section */
		A585DF6D2044C9ED002C9AB4 /* Canvas */ = {
			isa = PBXNativeTarget;
			buildConfigurationList = A585DF962044C9ED002C9AB4 /* Build configuration list for PBXNativeTarget "Canvas" */;
			buildPhases = (
				A585DF6A2044C9ED002C9AB4 /* Sources */,
				A585DF6B2044C9ED002C9AB4 /* Frameworks */,
				A585DF6C2044C9ED002C9AB4 /* Resources */,
			);
			buildRules = (
			);
			dependencies = (
			);
			name = Canvas;
			productName = Canvas;
			productReference = A585DF6E2044C9ED002C9AB4 /* Canvas.app */;
			productType = "com.apple.product-type.application";
		};
		A585DF812044C9ED002C9AB4 /* CanvasTests */ = {
			isa = PBXNativeTarget;
			buildConfigurationList = A585DF992044C9ED002C9AB4 /* Build configuration list for PBXNativeTarget "CanvasTests" */;
			buildPhases = (
				A585DF7E2044C9ED002C9AB4 /* Sources */,
				A585DF7F2044C9ED002C9AB4 /* Frameworks */,
				A585DF802044C9ED002C9AB4 /* Resources */,
			);
			buildRules = (
			);
			dependencies = (
				A585DF842044C9ED002C9AB4 /* PBXTargetDependency */,
			);
			name = CanvasTests;
			productName = CanvasTests;
			productReference = A585DF822044C9ED002C9AB4 /* CanvasTests.xctest */;
			productType = "com.apple.product-type.bundle.unit-test";
		};
		A585DF8C2044C9ED002C9AB4 /* CanvasUITests */ = {
			isa = PBXNativeTarget;
			buildConfigurationList = A585DF9C2044C9ED002C9AB4 /* Build configuration list for PBXNativeTarget "CanvasUITests" */;
			buildPhases = (
				A585DF892044C9ED002C9AB4 /* Sources */,
				A585DF8A2044C9ED002C9AB4 /* Frameworks */,
				A585DF8B2044C9ED002C9AB4 /* Resources */,
			);
			buildRules = (
			);
			dependencies = (
				A585DF8F2044C9ED002C9AB4 /* PBXTargetDependency */,
			);
			name = CanvasUITests;
			productName = CanvasUITests;
			productReference = A585DF8D2044C9ED002C9AB4 /* CanvasUITests.xctest */;
			productType = "com.apple.product-type.bundle.ui-testing";
		};
/* End PBXNativeTarget section */

/* Begin PBXProject section */
		A585DF662044C9ED002C9AB4 /* Project object */ = {
			isa = PBXProject;
			attributes = {
				LastSwiftUpdateCheck = 0920;
				LastUpgradeCheck = 0920;
				ORGANIZATIONNAME = "Samuel Carbone";
				TargetAttributes = {
					A585DF6D2044C9ED002C9AB4 = {
						CreatedOnToolsVersion = 9.2;
						ProvisioningStyle = Automatic;
					};
					A585DF812044C9ED002C9AB4 = {
						CreatedOnToolsVersion = 9.2;
						ProvisioningStyle = Automatic;
						TestTargetID = A585DF6D2044C9ED002C9AB4;
					};
					A585DF8C2044C9ED002C9AB4 = {
						CreatedOnToolsVersion = 9.2;
						ProvisioningStyle = Automatic;
						TestTargetID = A585DF6D2044C9ED002C9AB4;
					};
				};
			};
			buildConfigurationList = A585DF692044C9ED002C9AB4 /* Build configuration list for PBXProject "Canvas" */;
			compatibilityVersion = "Xcode 8.0";
			developmentRegion = en;
			hasScannedForEncodings = 0;
			knownRegions = (
				en,
				Base,
			);
			mainGroup = A585DF652044C9ED002C9AB4;
			productRefGroup = A585DF6F2044C9ED002C9AB4 /* Products */;
			projectDirPath = "";
			projectRoot = "";
			targets = (
				A585DF6D2044C9ED002C9AB4 /* Canvas */,
				A585DF812044C9ED002C9AB4 /* CanvasTests */,
				A585DF8C2044C9ED002C9AB4 /* CanvasUITests */,
			);
		};
/* End PBXProject section */

/* Begin PBXResourcesBuildPhase section */
		A585DF6C2044C9ED002C9AB4 /* Resources */ = {
			isa = PBXResourcesBuildPhase;
			buildActionMask = 2147483647;
			files = (
				A585DF7C2044C9ED002C9AB4 /* LaunchScreen.storyboard in Resources */,
				A585DF792044C9ED002C9AB4 /* Assets.xcassets in Resources */,
				A585DF772044C9ED002C9AB4 /* Main.storyboard in Resources */,
			);
			runOnlyForDeploymentPostprocessing = 0;
		};
		A585DF802044C9ED002C9AB4 /* Resources */ = {
			isa = PBXResourcesBuildPhase;
			buildActionMask = 2147483647;
			files = (
			);
			runOnlyForDeploymentPostprocessing = 0;
		};
		A585DF8B2044C9ED002C9AB4 /* Resources */ = {
			isa = PBXResourcesBuildPhase;
			buildActionMask = 2147483647;
			files = (
			);
			runOnlyForDeploymentPostprocessing = 0;
		};
/* End PBXResourcesBuildPhase section */

/* Begin PBXSourcesBuildPhase section */
		A585DF6A2044C9ED002C9AB4 /* Sources */ = {
			isa = PBXSourcesBuildPhase;
			buildActionMask = 2147483647;
			files = (
				A585DFA02044CBD6002C9AB4 /* CanvasViewController.swift in Sources */,
				A585DF722044C9ED002C9AB4 /* AppDelegate.swift in Sources */,
			);
			runOnlyForDeploymentPostprocessing = 0;
		};
		A585DF7E2044C9ED002C9AB4 /* Sources */ = {
			isa = PBXSourcesBuildPhase;
			buildActionMask = 2147483647;
			files = (
				A585DF872044C9ED002C9AB4 /* CanvasTests.swift in Sources */,
			);
			runOnlyForDeploymentPostprocessing = 0;
		};
		A585DF892044C9ED002C9AB4 /* Sources */ = {
			isa = PBXSourcesBuildPhase;
			buildActionMask = 2147483647;
			files = (
				A585DF922044C9ED002C9AB4 /* CanvasUITests.swift in Sources */,
			);
			runOnlyForDeploymentPostprocessing = 0;
		};
/* End PBXSourcesBuildPhase section */

/* Begin PBXTargetDependency section */
		A585DF842044C9ED002C9AB4 /* PBXTargetDependency */ = {
			isa = PBXTargetDependency;
			target = A585DF6D2044C9ED002C9AB4 /* Canvas */;
			targetProxy = A585DF832044C9ED002C9AB4 /* PBXContainerItemProxy */;
		};
		A585DF8F2044C9ED002C9AB4 /* PBXTargetDependency */ = {
			isa = PBXTargetDependency;
			target = A585DF6D2044C9ED002C9AB4 /* Canvas */;
			targetProxy = A585DF8E2044C9ED002C9AB4 /* PBXContainerItemProxy */;
		};
/* End PBXTargetDependency section */

/* Begin PBXVariantGroup section */
		A585DF752044C9ED002C9AB4 /* Main.storyboard */ = {
			isa = PBXVariantGroup;
			children = (
				A585DF762044C9ED002C9AB4 /* Base */,
			);
			name = Main.storyboard;
			sourceTree = "<group>";
		};
		A585DF7A2044C9ED002C9AB4 /* LaunchScreen.storyboard */ = {
			isa = PBXVariantGroup;
			children = (
				A585DF7B2044C9ED002C9AB4 /* Base */,
			);
			name = LaunchScreen.storyboard;
			sourceTree = "<group>";
		};
/* End PBXVariantGroup section */

/* Begin XCBuildConfiguration section */
		A585DF942044C9ED002C9AB4 /* Debug */ = {
			isa = XCBuildConfiguration;
			buildSettings = {
				ALWAYS_SEARCH_USER_PATHS = NO;
				CLANG_ANALYZER_NONNULL = YES;
				CLANG_ANALYZER_NUMBER_OBJECT_CONVERSION = YES_AGGRESSIVE;
				CLANG_CXX_LANGUAGE_STANDARD = "gnu++14";
				CLANG_CXX_LIBRARY = "libc++";
				CLANG_ENABLE_MODULES = YES;
				CLANG_ENABLE_OBJC_ARC = YES;
				CLANG_WARN_BLOCK_CAPTURE_AUTORELEASING = YES;
				CLANG_WARN_BOOL_CONVERSION = YES;
				CLANG_WARN_COMMA = YES;
				CLANG_WARN_CONSTANT_CONVERSION = YES;
				CLANG_WARN_DIRECT_OBJC_ISA_USAGE = YES_ERROR;
				CLANG_WARN_DOCUMENTATION_COMMENTS = YES;
				CLANG_WARN_EMPTY_BODY = YES;
				CLANG_WARN_ENUM_CONVERSION = YES;
				CLANG_WARN_INFINITE_RECURSION = YES;
				CLANG_WARN_INT_CONVERSION = YES;
				CLANG_WARN_NON_LITERAL_NULL_CONVERSION = YES;
				CLANG_WARN_OBJC_LITERAL_CONVERSION = YES;
				CLANG_WARN_OBJC_ROOT_CLASS = YES_ERROR;
				CLANG_WARN_RANGE_LOOP_ANALYSIS = YES;
				CLANG_WARN_STRICT_PROTOTYPES = YES;
				CLANG_WARN_SUSPICIOUS_MOVE = YES;
				CLANG_WARN_UNGUARDED_AVAILABILITY = YES_AGGRESSIVE;
				CLANG_WARN_UNREACHABLE_CODE = YES;
				CLANG_WARN__DUPLICATE_METHOD_MATCH = YES;
				CODE_SIGN_IDENTITY = "iPhone Developer";
				COPY_PHASE_STRIP = NO;
				DEBUG_INFORMATION_FORMAT = dwarf;
				ENABLE_STRICT_OBJC_MSGSEND = YES;
				ENABLE_TESTABILITY = YES;
				GCC_C_LANGUAGE_STANDARD = gnu11;
				GCC_DYNAMIC_NO_PIC = NO;
				GCC_NO_COMMON_BLOCKS = YES;
				GCC_OPTIMIZATION_LEVEL = 0;
				GCC_PREPROCESSOR_DEFINITIONS = (
					"DEBUG=1",
					"$(inherited)",
				);
				GCC_WARN_64_TO_32_BIT_CONVERSION = YES;
				GCC_WARN_ABOUT_RETURN_TYPE = YES_ERROR;
				GCC_WARN_UNDECLARED_SELECTOR = YES;
				GCC_WARN_UNINITIALIZED_AUTOS = YES_AGGRESSIVE;
				GCC_WARN_UNUSED_FUNCTION = YES;
				GCC_WARN_UNUSED_VARIABLE = YES;
				IPHONEOS_DEPLOYMENT_TARGET = 11.2;
				MTL_ENABLE_DEBUG_INFO = YES;
				ONLY_ACTIVE_ARCH = YES;
				SDKROOT = iphoneos;
				SWIFT_ACTIVE_COMPILATION_CONDITIONS = DEBUG;
				SWIFT_OPTIMIZATION_LEVEL = "-Onone";
			};
			name = Debug;
		};
		A585DF952044C9ED002C9AB4 /* Release */ = {
			isa = XCBuildConfiguration;
			buildSettings = {
				ALWAYS_SEARCH_USER_PATHS = NO;
				CLANG_ANALYZER_NONNULL = YES;
				CLANG_ANALYZER_NUMBER_OBJECT_CONVERSION = YES_AGGRESSIVE;
				CLANG_CXX_LANGUAGE_STANDARD = "gnu++14";
				CLANG_CXX_LIBRARY = "libc++";
				CLANG_ENABLE_MODULES = YES;
				CLANG_ENABLE_OBJC_ARC = YES;
				CLANG_WARN_BLOCK_CAPTURE_AUTORELEASING = YES;
				CLANG_WARN_BOOL_CONVERSION = YES;
				CLANG_WARN_COMMA = YES;
				CLANG_WARN_CONSTANT_CONVERSION = YES;
				CLANG_WARN_DIRECT_OBJC_ISA_USAGE = YES_ERROR;
				CLANG_WARN_DOCUMENTATION_COMMENTS = YES;
				CLANG_WARN_EMPTY_BODY = YES;
				CLANG_WARN_ENUM_CONVERSION = YES;
				CLANG_WARN_INFINITE_RECURSION = YES;
				CLANG_WARN_INT_CONVERSION = YES;
				CLANG_WARN_NON_LITERAL_NULL_CONVERSION = YES;
				CLANG_WARN_OBJC_LITERAL_CONVERSION = YES;
				CLANG_WARN_OBJC_ROOT_CLASS = YES_ERROR;
				CLANG_WARN_RANGE_LOOP_ANALYSIS = YES;
				CLANG_WARN_STRICT_PROTOTYPES = YES;
				CLANG_WARN_SUSPICIOUS_MOVE = YES;
				CLANG_WARN_UNGUARDED_AVAILABILITY = YES_AGGRESSIVE;
				CLANG_WARN_UNREACHABLE_CODE = YES;
				CLANG_WARN__DUPLICATE_METHOD_MATCH = YES;
				CODE_SIGN_IDENTITY = "iPhone Developer";
				COPY_PHASE_STRIP = NO;
				DEBUG_INFORMATION_FORMAT = "dwarf-with-dsym";
				ENABLE_NS_ASSERTIONS = NO;
				ENABLE_STRICT_OBJC_MSGSEND = YES;
				GCC_C_LANGUAGE_STANDARD = gnu11;
				GCC_NO_COMMON_BLOCKS = YES;
				GCC_WARN_64_TO_32_BIT_CONVERSION = YES;
				GCC_WARN_ABOUT_RETURN_TYPE = YES_ERROR;
				GCC_WARN_UNDECLARED_SELECTOR = YES;
				GCC_WARN_UNINITIALIZED_AUTOS = YES_AGGRESSIVE;
				GCC_WARN_UNUSED_FUNCTION = YES;
				GCC_WARN_UNUSED_VARIABLE = YES;
				IPHONEOS_DEPLOYMENT_TARGET = 11.2;
				MTL_ENABLE_DEBUG_INFO = NO;
				SDKROOT = iphoneos;
				SWIFT_OPTIMIZATION_LEVEL = "-Owholemodule";
				VALIDATE_PRODUCT = YES;
			};
			name = Release;
		};
		A585DF972044C9ED002C9AB4 /* Debug */ = {
			isa = XCBuildConfiguration;
			buildSettings = {
				ASSETCATALOG_COMPILER_APPICON_NAME = AppIcon;
				CODE_SIGN_STYLE = Automatic;
				DEVELOPMENT_TEAM = 995R6M794F;
				INFOPLIST_FILE = Canvas/Info.plist;
				LD_RUNPATH_SEARCH_PATHS = "$(inherited) @executable_path/Frameworks";
				PRODUCT_BUNDLE_IDENTIFIER = com.testing.Canvas;
				PRODUCT_NAME = "$(TARGET_NAME)";
				SWIFT_VERSION = 4.0;
				TARGETED_DEVICE_FAMILY = "1,2";
			};
			name = Debug;
		};
		A585DF982044C9ED002C9AB4 /* Release */ = {
			isa = XCBuildConfiguration;
			buildSettings = {
				ASSETCATALOG_COMPILER_APPICON_NAME = AppIcon;
				CODE_SIGN_STYLE = Automatic;
				DEVELOPMENT_TEAM = 995R6M794F;
				INFOPLIST_FILE = Canvas/Info.plist;
				LD_RUNPATH_SEARCH_PATHS = "$(inherited) @executable_path/Frameworks";
				PRODUCT_BUNDLE_IDENTIFIER = com.testing.Canvas;
				PRODUCT_NAME = "$(TARGET_NAME)";
				SWIFT_VERSION = 4.0;
				TARGETED_DEVICE_FAMILY = "1,2";
			};
			name = Release;
		};
		A585DF9A2044C9ED002C9AB4 /* Debug */ = {
			isa = XCBuildConfiguration;
			buildSettings = {
				ALWAYS_EMBED_SWIFT_STANDARD_LIBRARIES = YES;
				BUNDLE_LOADER = "$(TEST_HOST)";
				CODE_SIGN_STYLE = Automatic;
				DEVELOPMENT_TEAM = 995R6M794F;
				INFOPLIST_FILE = CanvasTests/Info.plist;
				LD_RUNPATH_SEARCH_PATHS = "$(inherited) @executable_path/Frameworks @loader_path/Frameworks";
				PRODUCT_BUNDLE_IDENTIFIER = com.testing.CanvasTests;
				PRODUCT_NAME = "$(TARGET_NAME)";
				SWIFT_VERSION = 4.0;
				TARGETED_DEVICE_FAMILY = "1,2";
				TEST_HOST = "$(BUILT_PRODUCTS_DIR)/Canvas.app/Canvas";
			};
			name = Debug;
		};
		A585DF9B2044C9ED002C9AB4 /* Release */ = {
			isa = XCBuildConfiguration;
			buildSettings = {
				ALWAYS_EMBED_SWIFT_STANDARD_LIBRARIES = YES;
				BUNDLE_LOADER = "$(TEST_HOST)";
				CODE_SIGN_STYLE = Automatic;
				DEVELOPMENT_TEAM = 995R6M794F;
				INFOPLIST_FILE = CanvasTests/Info.plist;
				LD_RUNPATH_SEARCH_PATHS = "$(inherited) @executable_path/Frameworks @loader_path/Frameworks";
				PRODUCT_BUNDLE_IDENTIFIER = com.testing.CanvasTests;
				PRODUCT_NAME = "$(TARGET_NAME)";
				SWIFT_VERSION = 4.0;
				TARGETED_DEVICE_FAMILY = "1,2";
				TEST_HOST = "$(BUILT_PRODUCTS_DIR)/Canvas.app/Canvas";
			};
			name = Release;
		};
		A585DF9D2044C9ED002C9AB4 /* Debug */ = {
			isa = XCBuildConfiguration;
			buildSettings = {
				ALWAYS_EMBED_SWIFT_STANDARD_LIBRARIES = YES;
				CODE_SIGN_STYLE = Automatic;
				DEVELOPMENT_TEAM = 995R6M794F;
				INFOPLIST_FILE = CanvasUITests/Info.plist;
				LD_RUNPATH_SEARCH_PATHS = "$(inherited) @executable_path/Frameworks @loader_path/Frameworks";
				PRODUCT_BUNDLE_IDENTIFIER = com.testing.CanvasUITests;
				PRODUCT_NAME = "$(TARGET_NAME)";
				SWIFT_VERSION = 4.0;
				TARGETED_DEVICE_FAMILY = "1,2";
				TEST_TARGET_NAME = Canvas;
			};
			name = Debug;
		};
		A585DF9E2044C9ED002C9AB4 /* Release */ = {
			isa = XCBuildConfiguration;
			buildSettings = {
				ALWAYS_EMBED_SWIFT_STANDARD_LIBRARIES = YES;
				CODE_SIGN_STYLE = Automatic;
				DEVELOPMENT_TEAM = 995R6M794F;
				INFOPLIST_FILE = CanvasUITests/Info.plist;
				LD_RUNPATH_SEARCH_PATHS = "$(inherited) @executable_path/Frameworks @loader_path/Frameworks";
				PRODUCT_BUNDLE_IDENTIFIER = com.testing.CanvasUITests;
				PRODUCT_NAME = "$(TARGET_NAME)";
				SWIFT_VERSION = 4.0;
				TARGETED_DEVICE_FAMILY = "1,2";
				TEST_TARGET_NAME = Canvas;
			};
			name = Release;
		};
/* End XCBuildConfiguration section */

/* Begin XCConfigurationList section */
		A585DF692044C9ED002C9AB4 /* Build configuration list for PBXProject "Canvas" */ = {
			isa = XCConfigurationList;
			buildConfigurations = (
				A585DF942044C9ED002C9AB4 /* Debug */,
				A585DF952044C9ED002C9AB4 /* Release */,
			);
			defaultConfigurationIsVisible = 0;
			defaultConfigurationName = Release;
		};
		A585DF962044C9ED002C9AB4 /* Build configuration list for PBXNativeTarget "Canvas" */ = {
			isa = XCConfigurationList;
			buildConfigurations = (
				A585DF972044C9ED002C9AB4 /* Debug */,
				A585DF982044C9ED002C9AB4 /* Release */,
			);
			defaultConfigurationIsVisible = 0;
			defaultConfigurationName = Release;
		};
		A585DF992044C9ED002C9AB4 /* Build configuration list for PBXNativeTarget "CanvasTests" */ = {
			isa = XCConfigurationList;
			buildConfigurations = (
				A585DF9A2044C9ED002C9AB4 /* Debug */,
				A585DF9B2044C9ED002C9AB4 /* Release */,
			);
			defaultConfigurationIsVisible = 0;
			defaultConfigurationName = Release;
		};
		A585DF9C2044C9ED002C9AB4 /* Build configuration list for PBXNativeTarget "CanvasUITests" */ = {
			isa = XCConfigurationList;
			buildConfigurations = (
				A585DF9D2044C9ED002C9AB4 /* Debug */,
				A585DF9E2044C9ED002C9AB4 /* Release */,
			);
			defaultConfigurationIsVisible = 0;
			defaultConfigurationName = Release;
		};
/* End XCConfigurationList section */
	};
	rootObject = A585DF662044C9ED002C9AB4 /* Project object */;
}
